
Microsoft Visual Studio Solution File, Format Version 12.00
# Visual Studio 15
VisualStudioVersion = 15.0.26923.0
MinimumVisualStudioVersion = 10.0.40219.1
Project("{FAE04EC0-301F-11D3-BF4B-00C04F79EFBC}") = "Alfa CashBack Calc", "Alfa CashBack Calc\Alfa CashBack Calc.csproj", "{EBD9FF4E-BEBB-4245-A437-EAE68DE8F021}"
EndProject
Global
	GlobalSection(SolutionConfigurationPlatforms) = preSolution
		Debug|Any CPU = Debug|Any CPU
		Release|Any CPU = Release|Any CPU
	EndGlobalSection
	GlobalSection(ProjectConfigurationPlatforms) = postSolution
		{EBD9FF4E-BEBB-4245-A437-EAE68DE8F021}.Debug|Any CPU.ActiveCfg = Debug|Any CPU
		{EBD9FF4E-BEBB-4245-A437-EAE68DE8F021}.Debug|Any CPU.Build.0 = Debug|Any CPU
		{EBD9FF4E-BEBB-4245-A437-EAE68DE8F021}.Release|Any CPU.ActiveCfg = Release|Any CPU
		{EBD9FF4E-BEBB-4245-A437-EAE68DE8F021}.Release|Any CPU.Build.0 = Release|Any CPU
	EndGlobalSection
	GlobalSection(SolutionProperties) = preSolution
		HideSolutionNode = FALSE
	EndGlobalSection
	GlobalSection(ExtensibilityGlobals) = postSolution
		SolutionGuid = {4E18ED14-23EA-43C3-8903-CA7B1F499137}
	EndGlobalSection
EndGlobal
